
Microsoft Visual Studio Solution File, Format Version 12.00
# Visual Studio 15
VisualStudioVersion = 15.0.28307.572
MinimumVisualStudioVersion = 10.0.40219.1
Project("{FAE04EC0-301F-11D3-BF4B-00C04F79EFBC}") = "Blog.Web", "Blog.Web\Blog.Web.csproj", "{A0B9C882-94F6-49C3-89F6-700B3EF9EB80}"
EndProject
Project("{FAE04EC0-301F-11D3-BF4B-00C04F79EFBC}") = "Blog.Data", "Blog.Data\Blog.Data.csproj", "{132BD560-CB05-4F6B-A959-791B030CFF53}"
EndProject
Global
	GlobalSection(SolutionConfigurationPlatforms) = preSolution
		Debug|Any CPU = Debug|Any CPU
		Release|Any CPU = Release|Any CPU
	EndGlobalSection
	GlobalSection(ProjectConfigurationPlatforms) = postSolution
		{A0B9C882-94F6-49C3-89F6-700B3EF9EB80}.Debug|Any CPU.ActiveCfg = Debug|Any CPU
		{A0B9C882-94F6-49C3-89F6-700B3EF9EB80}.Debug|Any CPU.Build.0 = Debug|Any CPU
		{A0B9C882-94F6-49C3-89F6-700B3EF9EB80}.Release|Any CPU.ActiveCfg = Release|Any CPU
		{A0B9C882-94F6-49C3-89F6-700B3EF9EB80}.Release|Any CPU.Build.0 = Release|Any CPU
		{132BD560-CB05-4F6B-A959-791B030CFF53}.Debug|Any CPU.ActiveCfg = Debug|Any CPU
		{132BD560-CB05-4F6B-A959-791B030CFF53}.Debug|Any CPU.Build.0 = Debug|Any CPU
		{132BD560-CB05-4F6B-A959-791B030CFF53}.Release|Any CPU.ActiveCfg = Release|Any CPU
		{132BD560-CB05-4F6B-A959-791B030CFF53}.Release|Any CPU.Build.0 = Release|Any CPU
	EndGlobalSection
	GlobalSection(SolutionProperties) = preSolution
		HideSolutionNode = FALSE
	EndGlobalSection
	GlobalSection(ExtensibilityGlobals) = postSolution
		SolutionGuid = {49306E04-BD9A-4158-8D8E-C189EDCAD146}
	EndGlobalSection
EndGlobal
